// !$*UTF8*$!
{
	archiveVersion = 1;
	classes = {
	};
	objectVersion = 56;
	objects = {

/* Begin PBXBuildFile section */
		CC59E6272BE9F4410082ED57 /* ColorPickerView.swift in Sources */ = {isa = PBXBuildFile; fileRef = CC59E6262BE9F4410082ED57 /* ColorPickerView.swift */; };
		CC60E9B02B140E070036761F /* MealPlannerView.swift in Sources */ = {isa = PBXBuildFile; fileRef = CC60E9AF2B140E070036761F /* MealPlannerView.swift */; };
		CC60E9B22B16A97B0036761F /* Meal-CoreDataHelpers.swift in Sources */ = {isa = PBXBuildFile; fileRef = CC60E9B12B16A97B0036761F /* Meal-CoreDataHelpers.swift */; };
		CC60E9B72B16B3910036761F /* CalendarExtensions.swift in Sources */ = {isa = PBXBuildFile; fileRef = CC60E9B62B16B3910036761F /* CalendarExtensions.swift */; };
		CC7957BF2AB7B8EC00392AD3 /* RecipeListView.swift in Sources */ = {isa = PBXBuildFile; fileRef = CC7957BE2AB7B8EC00392AD3 /* RecipeListView.swift */; };
		CC7957C12AB7B8F700392AD3 /* RecipeGridView.swift in Sources */ = {isa = PBXBuildFile; fileRef = CC7957C02AB7B8F700392AD3 /* RecipeGridView.swift */; };
		CC7957C42AB7B9BC00392AD3 /* RecipeView.swift in Sources */ = {isa = PBXBuildFile; fileRef = CC7957C32AB7B9BC00392AD3 /* RecipeView.swift */; };
		CC848A052B86E927008CF6AF /* Theme.swift in Sources */ = {isa = PBXBuildFile; fileRef = CC848A042B86E927008CF6AF /* Theme.swift */; };
		CC848A072B870333008CF6AF /* HexColorExtention.swift in Sources */ = {isa = PBXBuildFile; fileRef = CC848A062B870333008CF6AF /* HexColorExtention.swift */; };
		CC848A0A2B8C5048008CF6AF /* DateExtentions.swift in Sources */ = {isa = PBXBuildFile; fileRef = CC848A092B8C5048008CF6AF /* DateExtentions.swift */; };
		CC848A0E2B8C55A9008CF6AF /* SettingsView.swift in Sources */ = {isa = PBXBuildFile; fileRef = CC848A0D2B8C55A9008CF6AF /* SettingsView.swift */; };
		CC8B0BB22ADCA568001C0866 /* New:EditRecipeView.swift in Sources */ = {isa = PBXBuildFile; fileRef = CC8B0BB12ADCA568001C0866 /* New:EditRecipeView.swift */; };
		CC8D52BB2A9C0246000C99DD /* Mise_en_PlaceApp.swift in Sources */ = {isa = PBXBuildFile; fileRef = CC8D52BA2A9C0246000C99DD /* Mise_en_PlaceApp.swift */; };
		CC8D52BD2A9C0246000C99DD /* ContentView.swift in Sources */ = {isa = PBXBuildFile; fileRef = CC8D52BC2A9C0246000C99DD /* ContentView.swift */; };
		CC8D52BF2A9C0247000C99DD /* Assets.xcassets in Resources */ = {isa = PBXBuildFile; fileRef = CC8D52BE2A9C0247000C99DD /* Assets.xcassets */; };
		CC8D52C32A9C0247000C99DD /* Preview Assets.xcassets in Resources */ = {isa = PBXBuildFile; fileRef = CC8D52C22A9C0247000C99DD /* Preview Assets.xcassets */; };
		CC8D52CB2A9C03D4000C99DD /* Main.xcdatamodeld in Sources */ = {isa = PBXBuildFile; fileRef = CC8D52C92A9C03D4000C99DD /* Main.xcdatamodeld */; };
		CC8D52CD2A9C0C47000C99DD /* DataController.swift in Sources */ = {isa = PBXBuildFile; fileRef = CC8D52CC2A9C0C47000C99DD /* DataController.swift */; };
		CC8D52D02A9D5EA1000C99DD /* SidebarView.swift in Sources */ = {isa = PBXBuildFile; fileRef = CC8D52CF2A9D5EA1000C99DD /* SidebarView.swift */; };
		CC8D52D22A9D5EAF000C99DD /* DetailView.swift in Sources */ = {isa = PBXBuildFile; fileRef = CC8D52D12A9D5EAF000C99DD /* DetailView.swift */; };
		CC8D52D42A9D60A9000C99DD /* Filter.swift in Sources */ = {isa = PBXBuildFile; fileRef = CC8D52D32A9D60A9000C99DD /* Filter.swift */; };
		CCABB7122AD61B310074BED8 /* ImagePicker.swift in Sources */ = {isa = PBXBuildFile; fileRef = CCABB7112AD61B310074BED8 /* ImagePicker.swift */; };
		CCB8607C2ADE1A58003ECD3A /* IngredientEditor.swift in Sources */ = {isa = PBXBuildFile; fileRef = CCB8607B2ADE1A58003ECD3A /* IngredientEditor.swift */; };
		CCB8607E2ADF3F67003ECD3A /* StepEditor.swift in Sources */ = {isa = PBXBuildFile; fileRef = CCB8607D2ADF3F67003ECD3A /* StepEditor.swift */; };
		CCC94E992AA69B750072473F /* Recipe-CoreDataHelpers.swift in Sources */ = {isa = PBXBuildFile; fileRef = CCC94E982AA69B750072473F /* Recipe-CoreDataHelpers.swift */; };
		CCD07DEA2AB7AB08004432D6 /* NoRecipeView.swift in Sources */ = {isa = PBXBuildFile; fileRef = CCD07DE92AB7AB08004432D6 /* NoRecipeView.swift */; };
		CCD488D42B2BC20300D529EA /* DayView.swift in Sources */ = {isa = PBXBuildFile; fileRef = CCD488D32B2BC20300D529EA /* DayView.swift */; };
		CCDF14792B3504BB00794C10 /* NewMealView.swift in Sources */ = {isa = PBXBuildFile; fileRef = CCDF14782B3504BB00794C10 /* NewMealView.swift */; };
		CCDF32802AA69FE7008C4AE9 /* Tag-CoreDataHelpers.swift in Sources */ = {isa = PBXBuildFile; fileRef = CCDF327F2AA69FE7008C4AE9 /* Tag-CoreDataHelpers.swift */; };
		CCDF32822AA6A10C008C4AE9 /* Ingredient-CoreDataHelpers.swift in Sources */ = {isa = PBXBuildFile; fileRef = CCDF32812AA6A10C008C4AE9 /* Ingredient-CoreDataHelpers.swift */; };
		CCDF32842AA6A3C5008C4AE9 /* Step-CoreDataHelpers.swift in Sources */ = {isa = PBXBuildFile; fileRef = CCDF32832AA6A3C5008C4AE9 /* Step-CoreDataHelpers.swift */; };
		CCFD51702BF620B8003F7D28 /* TagsMenuView.swift in Sources */ = {isa = PBXBuildFile; fileRef = CCFD516F2BF620B8003F7D28 /* TagsMenuView.swift */; };
		CCFD51722BFABE32003F7D28 /* FilterButtonMenu.swift in Sources */ = {isa = PBXBuildFile; fileRef = CCFD51712BFABE32003F7D28 /* FilterButtonMenu.swift */; };
		CCFD51742BFDB673003F7D28 /* RecipeTagsView.swift in Sources */ = {isa = PBXBuildFile; fileRef = CCFD51732BFDB673003F7D28 /* RecipeTagsView.swift */; };
/* End PBXBuildFile section */

/* Begin PBXFileReference section */
		CC59E6262BE9F4410082ED57 /* ColorPickerView.swift */ = {isa = PBXFileReference; lastKnownFileType = sourcecode.swift; path = ColorPickerView.swift; sourceTree = "<group>"; };
		CC60E9AF2B140E070036761F /* MealPlannerView.swift */ = {isa = PBXFileReference; lastKnownFileType = sourcecode.swift; path = MealPlannerView.swift; sourceTree = "<group>"; };
		CC60E9B12B16A97B0036761F /* Meal-CoreDataHelpers.swift */ = {isa = PBXFileReference; lastKnownFileType = sourcecode.swift; path = "Meal-CoreDataHelpers.swift"; sourceTree = "<group>"; };
		CC60E9B62B16B3910036761F /* CalendarExtensions.swift */ = {isa = PBXFileReference; lastKnownFileType = sourcecode.swift; path = CalendarExtensions.swift; sourceTree = "<group>"; };
		CC7957BE2AB7B8EC00392AD3 /* RecipeListView.swift */ = {isa = PBXFileReference; lastKnownFileType = sourcecode.swift; path = RecipeListView.swift; sourceTree = "<group>"; };
		CC7957C02AB7B8F700392AD3 /* RecipeGridView.swift */ = {isa = PBXFileReference; lastKnownFileType = sourcecode.swift; path = RecipeGridView.swift; sourceTree = "<group>"; };
		CC7957C32AB7B9BC00392AD3 /* RecipeView.swift */ = {isa = PBXFileReference; lastKnownFileType = sourcecode.swift; path = RecipeView.swift; sourceTree = "<group>"; };
		CC848A042B86E927008CF6AF /* Theme.swift */ = {isa = PBXFileReference; lastKnownFileType = sourcecode.swift; path = Theme.swift; sourceTree = "<group>"; };
		CC848A062B870333008CF6AF /* HexColorExtention.swift */ = {isa = PBXFileReference; lastKnownFileType = sourcecode.swift; path = HexColorExtention.swift; sourceTree = "<group>"; };
		CC848A092B8C5048008CF6AF /* DateExtentions.swift */ = {isa = PBXFileReference; lastKnownFileType = sourcecode.swift; path = DateExtentions.swift; sourceTree = "<group>"; };
		CC848A0D2B8C55A9008CF6AF /* SettingsView.swift */ = {isa = PBXFileReference; lastKnownFileType = sourcecode.swift; path = SettingsView.swift; sourceTree = "<group>"; };
		CC8B0BB12ADCA568001C0866 /* New:EditRecipeView.swift */ = {isa = PBXFileReference; lastKnownFileType = sourcecode.swift; path = "New:EditRecipeView.swift"; sourceTree = "<group>"; };
		CC8D52B72A9C0246000C99DD /* Mise en Place.app */ = {isa = PBXFileReference; explicitFileType = wrapper.application; includeInIndex = 0; path = "Mise en Place.app"; sourceTree = BUILT_PRODUCTS_DIR; };
		CC8D52BA2A9C0246000C99DD /* Mise_en_PlaceApp.swift */ = {isa = PBXFileReference; lastKnownFileType = sourcecode.swift; path = Mise_en_PlaceApp.swift; sourceTree = "<group>"; };
		CC8D52BC2A9C0246000C99DD /* ContentView.swift */ = {isa = PBXFileReference; lastKnownFileType = sourcecode.swift; path = ContentView.swift; sourceTree = "<group>"; };
		CC8D52BE2A9C0247000C99DD /* Assets.xcassets */ = {isa = PBXFileReference; lastKnownFileType = folder.assetcatalog; path = Assets.xcassets; sourceTree = "<group>"; };
		CC8D52C02A9C0247000C99DD /* Mise_en_Place.entitlements */ = {isa = PBXFileReference; lastKnownFileType = text.plist.entitlements; path = Mise_en_Place.entitlements; sourceTree = "<group>"; };
		CC8D52C22A9C0247000C99DD /* Preview Assets.xcassets */ = {isa = PBXFileReference; lastKnownFileType = folder.assetcatalog; path = "Preview Assets.xcassets"; sourceTree = "<group>"; };
		CC8D52CA2A9C03D4000C99DD /* Main.xcdatamodel */ = {isa = PBXFileReference; lastKnownFileType = wrapper.xcdatamodel; path = Main.xcdatamodel; sourceTree = "<group>"; };
		CC8D52CC2A9C0C47000C99DD /* DataController.swift */ = {isa = PBXFileReference; lastKnownFileType = sourcecode.swift; path = DataController.swift; sourceTree = "<group>"; };
		CC8D52CE2A9C16D9000C99DD /* Mise-en-Place-Info.plist */ = {isa = PBXFileReference; lastKnownFileType = text.plist; path = "Mise-en-Place-Info.plist"; sourceTree = SOURCE_ROOT; };
		CC8D52CF2A9D5EA1000C99DD /* SidebarView.swift */ = {isa = PBXFileReference; lastKnownFileType = sourcecode.swift; path = SidebarView.swift; sourceTree = "<group>"; };
		CC8D52D12A9D5EAF000C99DD /* DetailView.swift */ = {isa = PBXFileReference; lastKnownFileType = sourcecode.swift; path = DetailView.swift; sourceTree = "<group>"; };
		CC8D52D32A9D60A9000C99DD /* Filter.swift */ = {isa = PBXFileReference; lastKnownFileType = sourcecode.swift; path = Filter.swift; sourceTree = "<group>"; };
		CCABB7112AD61B310074BED8 /* ImagePicker.swift */ = {isa = PBXFileReference; fileEncoding = 4; lastKnownFileType = sourcecode.swift; path = ImagePicker.swift; sourceTree = "<group>"; };
		CCB8607B2ADE1A58003ECD3A /* IngredientEditor.swift */ = {isa = PBXFileReference; lastKnownFileType = sourcecode.swift; path = IngredientEditor.swift; sourceTree = "<group>"; };
		CCB8607D2ADF3F67003ECD3A /* StepEditor.swift */ = {isa = PBXFileReference; lastKnownFileType = sourcecode.swift; path = StepEditor.swift; sourceTree = "<group>"; };
		CCC94E982AA69B750072473F /* Recipe-CoreDataHelpers.swift */ = {isa = PBXFileReference; lastKnownFileType = sourcecode.swift; path = "Recipe-CoreDataHelpers.swift"; sourceTree = "<group>"; };
		CCD07DE92AB7AB08004432D6 /* NoRecipeView.swift */ = {isa = PBXFileReference; lastKnownFileType = sourcecode.swift; path = NoRecipeView.swift; sourceTree = "<group>"; };
		CCD488D32B2BC20300D529EA /* DayView.swift */ = {isa = PBXFileReference; lastKnownFileType = sourcecode.swift; path = DayView.swift; sourceTree = "<group>"; };
		CCDF14782B3504BB00794C10 /* NewMealView.swift */ = {isa = PBXFileReference; lastKnownFileType = sourcecode.swift; path = NewMealView.swift; sourceTree = "<group>"; };
		CCDF327F2AA69FE7008C4AE9 /* Tag-CoreDataHelpers.swift */ = {isa = PBXFileReference; lastKnownFileType = sourcecode.swift; path = "Tag-CoreDataHelpers.swift"; sourceTree = "<group>"; };
		CCDF32812AA6A10C008C4AE9 /* Ingredient-CoreDataHelpers.swift */ = {isa = PBXFileReference; lastKnownFileType = sourcecode.swift; path = "Ingredient-CoreDataHelpers.swift"; sourceTree = "<group>"; };
		CCDF32832AA6A3C5008C4AE9 /* Step-CoreDataHelpers.swift */ = {isa = PBXFileReference; lastKnownFileType = sourcecode.swift; path = "Step-CoreDataHelpers.swift"; sourceTree = "<group>"; };
		CCFD516F2BF620B8003F7D28 /* TagsMenuView.swift */ = {isa = PBXFileReference; lastKnownFileType = sourcecode.swift; path = TagsMenuView.swift; sourceTree = "<group>"; };
		CCFD51712BFABE32003F7D28 /* FilterButtonMenu.swift */ = {isa = PBXFileReference; lastKnownFileType = sourcecode.swift; path = FilterButtonMenu.swift; sourceTree = "<group>"; };
		CCFD51732BFDB673003F7D28 /* RecipeTagsView.swift */ = {isa = PBXFileReference; lastKnownFileType = sourcecode.swift; path = RecipeTagsView.swift; sourceTree = "<group>"; };
/* End PBXFileReference section */

/* Begin PBXFrameworksBuildPhase section */
		CC8D52B42A9C0246000C99DD /* Frameworks */ = {
			isa = PBXFrameworksBuildPhase;
			buildActionMask = 2147483647;
			files = (
			);
			runOnlyForDeploymentPostprocessing = 0;
		};
/* End PBXFrameworksBuildPhase section */

/* Begin PBXGroup section */
		CC60E9B52B16AEBB0036761F /* MealPlanner */ = {
			isa = PBXGroup;
			children = (
				CC60E9AF2B140E070036761F /* MealPlannerView.swift */,
				CCD488D32B2BC20300D529EA /* DayView.swift */,
				CCDF14782B3504BB00794C10 /* NewMealView.swift */,
			);
			path = MealPlanner;
			sourceTree = "<group>";
		};
		CC7957C22AB7B90000392AD3 /* Recipe Picker Layouts */ = {
			isa = PBXGroup;
			children = (
				CC7957BE2AB7B8EC00392AD3 /* RecipeListView.swift */,
				CC7957C02AB7B8F700392AD3 /* RecipeGridView.swift */,
			);
			path = "Recipe Picker Layouts";
			sourceTree = "<group>";
		};
		CC848A082B870359008CF6AF /* Theme */ = {
			isa = PBXGroup;
			children = (
				CC848A062B870333008CF6AF /* HexColorExtention.swift */,
				CC848A042B86E927008CF6AF /* Theme.swift */,
				CC59E6262BE9F4410082ED57 /* ColorPickerView.swift */,
			);
			path = Theme;
			sourceTree = "<group>";
		};
		CC8B0BB32ADCB21C001C0866 /* Recipe Views */ = {
			isa = PBXGroup;
			children = (
				CC7957C22AB7B90000392AD3 /* Recipe Picker Layouts */,
				CC8B0BB12ADCA568001C0866 /* New:EditRecipeView.swift */,
				CCB8607B2ADE1A58003ECD3A /* IngredientEditor.swift */,
				CCB8607D2ADF3F67003ECD3A /* StepEditor.swift */,
				CC7957C32AB7B9BC00392AD3 /* RecipeView.swift */,
				CCD07DE92AB7AB08004432D6 /* NoRecipeView.swift */,
				CCFD51732BFDB673003F7D28 /* RecipeTagsView.swift */,
			);
			path = "Recipe Views";
			sourceTree = "<group>";
		};
		CC8B0BB42ADCB251001C0866 /* App Views */ = {
			isa = PBXGroup;
			children = (
				CC8D52D12A9D5EAF000C99DD /* DetailView.swift */,
				CC8D52BC2A9C0246000C99DD /* ContentView.swift */,
				CC848A0D2B8C55A9008CF6AF /* SettingsView.swift */,
				CCFD516F2BF620B8003F7D28 /* TagsMenuView.swift */,
				CCFD51712BFABE32003F7D28 /* FilterButtonMenu.swift */,
				CC8D52CF2A9D5EA1000C99DD /* SidebarView.swift */,
				CC60E9B52B16AEBB0036761F /* MealPlanner */,
				CC8B0BB32ADCB21C001C0866 /* Recipe Views */,
			);
			path = "App Views";
			sourceTree = "<group>";
		};
		CC8B0BB52ADCB262001C0866 /* Data */ = {
			isa = PBXGroup;
			children = (
				CC8D52CC2A9C0C47000C99DD /* DataController.swift */,
				CC60E9B62B16B3910036761F /* CalendarExtensions.swift */,
				CCABB7112AD61B310074BED8 /* ImagePicker.swift */,
				CC848A092B8C5048008CF6AF /* DateExtentions.swift */,
			);
			path = Data;
			sourceTree = "<group>";
		};
		CC8D52AE2A9C0246000C99DD = {
			isa = PBXGroup;
			children = (
				CC8D52B92A9C0246000C99DD /* Mise en Place */,
				CC8D52B82A9C0246000C99DD /* Products */,
			);
			sourceTree = "<group>";
		};
		CC8D52B82A9C0246000C99DD /* Products */ = {
			isa = PBXGroup;
			children = (
				CC8D52B72A9C0246000C99DD /* Mise en Place.app */,
			);
			name = Products;
			sourceTree = "<group>";
		};
		CC8D52B92A9C0246000C99DD /* Mise en Place */ = {
			isa = PBXGroup;
			children = (
				CC8D52CE2A9C16D9000C99DD /* Mise-en-Place-Info.plist */,
				CC8D52BA2A9C0246000C99DD /* Mise_en_PlaceApp.swift */,
				CC8D52D32A9D60A9000C99DD /* Filter.swift */,
				CC8B0BB52ADCB262001C0866 /* Data */,
				CC8B0BB42ADCB251001C0866 /* App Views */,
				CCDF32852AA6BF13008C4AE9 /* CoreDataHelpers */,
				CC848A082B870359008CF6AF /* Theme */,
				CC8D52C92A9C03D4000C99DD /* Main.xcdatamodeld */,
				CC8D52BE2A9C0247000C99DD /* Assets.xcassets */,
				CC8D52C02A9C0247000C99DD /* Mise_en_Place.entitlements */,
				CC8D52C12A9C0247000C99DD /* Preview Content */,
			);
			path = "Mise en Place";
			sourceTree = "<group>";
		};
		CC8D52C12A9C0247000C99DD /* Preview Content */ = {
			isa = PBXGroup;
			children = (
				CC8D52C22A9C0247000C99DD /* Preview Assets.xcassets */,
			);
			path = "Preview Content";
			sourceTree = "<group>";
		};
		CCDF32852AA6BF13008C4AE9 /* CoreDataHelpers */ = {
			isa = PBXGroup;
			children = (
				CCC94E982AA69B750072473F /* Recipe-CoreDataHelpers.swift */,
				CC60E9B12B16A97B0036761F /* Meal-CoreDataHelpers.swift */,
				CCDF327F2AA69FE7008C4AE9 /* Tag-CoreDataHelpers.swift */,
				CCDF32832AA6A3C5008C4AE9 /* Step-CoreDataHelpers.swift */,
				CCDF32812AA6A10C008C4AE9 /* Ingredient-CoreDataHelpers.swift */,
			);
			path = CoreDataHelpers;
			sourceTree = "<group>";
		};
/* End PBXGroup section */

/* Begin PBXNativeTarget section */
		CC8D52B62A9C0246000C99DD /* Mise en Place */ = {
			isa = PBXNativeTarget;
			buildConfigurationList = CC8D52C62A9C0247000C99DD /* Build configuration list for PBXNativeTarget "Mise en Place" */;
			buildPhases = (
				CC8D52B32A9C0246000C99DD /* Sources */,
				CC8D52B42A9C0246000C99DD /* Frameworks */,
				CC8D52B52A9C0246000C99DD /* Resources */,
			);
			buildRules = (
			);
			dependencies = (
			);
			name = "Mise en Place";
			productName = "Mise en Place";
			productReference = CC8D52B72A9C0246000C99DD /* Mise en Place.app */;
			productType = "com.apple.product-type.application";
		};
/* End PBXNativeTarget section */

/* Begin PBXProject section */
		CC8D52AF2A9C0246000C99DD /* Project object */ = {
			isa = PBXProject;
			attributes = {
				BuildIndependentTargetsInParallel = 1;
				LastSwiftUpdateCheck = 1430;
				LastUpgradeCheck = 1510;
				TargetAttributes = {
					CC8D52B62A9C0246000C99DD = {
						CreatedOnToolsVersion = 14.3.1;
					};
				};
			};
			buildConfigurationList = CC8D52B22A9C0246000C99DD /* Build configuration list for PBXProject "Mise en Place" */;
			compatibilityVersion = "Xcode 14.0";
			developmentRegion = en;
			hasScannedForEncodings = 0;
			knownRegions = (
				en,
				Base,
			);
			mainGroup = CC8D52AE2A9C0246000C99DD;
			productRefGroup = CC8D52B82A9C0246000C99DD /* Products */;
			projectDirPath = "";
			projectRoot = "";
			targets = (
				CC8D52B62A9C0246000C99DD /* Mise en Place */,
			);
		};
/* End PBXProject section */

/* Begin PBXResourcesBuildPhase section */
		CC8D52B52A9C0246000C99DD /* Resources */ = {
			isa = PBXResourcesBuildPhase;
			buildActionMask = 2147483647;
			files = (
				CC8D52C32A9C0247000C99DD /* Preview Assets.xcassets in Resources */,
				CC8D52BF2A9C0247000C99DD /* Assets.xcassets in Resources */,
			);
			runOnlyForDeploymentPostprocessing = 0;
		};
/* End PBXResourcesBuildPhase section */

/* Begin PBXSourcesBuildPhase section */
		CC8D52B32A9C0246000C99DD /* Sources */ = {
			isa = PBXSourcesBuildPhase;
			buildActionMask = 2147483647;
			files = (
				CC8D52D42A9D60A9000C99DD /* Filter.swift in Sources */,
				CCD488D42B2BC20300D529EA /* DayView.swift in Sources */,
				CCDF32802AA69FE7008C4AE9 /* Tag-CoreDataHelpers.swift in Sources */,
				CC8D52CB2A9C03D4000C99DD /* Main.xcdatamodeld in Sources */,
				CCC94E992AA69B750072473F /* Recipe-CoreDataHelpers.swift in Sources */,
				CCDF32822AA6A10C008C4AE9 /* Ingredient-CoreDataHelpers.swift in Sources */,
				CCFD51722BFABE32003F7D28 /* FilterButtonMenu.swift in Sources */,
				CC848A0A2B8C5048008CF6AF /* DateExtentions.swift in Sources */,
				CC8D52D22A9D5EAF000C99DD /* DetailView.swift in Sources */,
				CC60E9B22B16A97B0036761F /* Meal-CoreDataHelpers.swift in Sources */,
				CC60E9B02B140E070036761F /* MealPlannerView.swift in Sources */,
				CCFD51702BF620B8003F7D28 /* TagsMenuView.swift in Sources */,
				CC7957C12AB7B8F700392AD3 /* RecipeGridView.swift in Sources */,
				CC8D52CD2A9C0C47000C99DD /* DataController.swift in Sources */,
				CCDF32842AA6A3C5008C4AE9 /* Step-CoreDataHelpers.swift in Sources */,
				CC848A052B86E927008CF6AF /* Theme.swift in Sources */,
				CC59E6272BE9F4410082ED57 /* ColorPickerView.swift in Sources */,
				CCFD51742BFDB673003F7D28 /* RecipeTagsView.swift in Sources */,
				CCDF14792B3504BB00794C10 /* NewMealView.swift in Sources */,
				CC7957C42AB7B9BC00392AD3 /* RecipeView.swift in Sources */,
				CC8D52D02A9D5EA1000C99DD /* SidebarView.swift in Sources */,
				CCD07DEA2AB7AB08004432D6 /* NoRecipeView.swift in Sources */,
				CC8D52BD2A9C0246000C99DD /* ContentView.swift in Sources */,
				CCABB7122AD61B310074BED8 /* ImagePicker.swift in Sources */,
				CCB8607E2ADF3F67003ECD3A /* StepEditor.swift in Sources */,
				CC848A0E2B8C55A9008CF6AF /* SettingsView.swift in Sources */,
				CC8B0BB22ADCA568001C0866 /* New:EditRecipeView.swift in Sources */,
				CC7957BF2AB7B8EC00392AD3 /* RecipeListView.swift in Sources */,
				CC8D52BB2A9C0246000C99DD /* Mise_en_PlaceApp.swift in Sources */,
				CC60E9B72B16B3910036761F /* CalendarExtensions.swift in Sources */,
				CC848A072B870333008CF6AF /* HexColorExtention.swift in Sources */,
				CCB8607C2ADE1A58003ECD3A /* IngredientEditor.swift in Sources */,
			);
			runOnlyForDeploymentPostprocessing = 0;
		};
/* End PBXSourcesBuildPhase section */

/* Begin XCBuildConfiguration section */
		CC8D52C42A9C0247000C99DD /* Debug */ = {
			isa = XCBuildConfiguration;
			buildSettings = {
				ALWAYS_SEARCH_USER_PATHS = NO;
				ASSETCATALOG_COMPILER_GENERATE_SWIFT_ASSET_SYMBOL_EXTENSIONS = YES;
				CLANG_ANALYZER_NONNULL = YES;
				CLANG_ANALYZER_NUMBER_OBJECT_CONVERSION = YES_AGGRESSIVE;
				CLANG_CXX_LANGUAGE_STANDARD = "gnu++20";
				CLANG_ENABLE_MODULES = YES;
				CLANG_ENABLE_OBJC_ARC = YES;
				CLANG_ENABLE_OBJC_WEAK = YES;
				CLANG_WARN_BLOCK_CAPTURE_AUTORELEASING = YES;
				CLANG_WARN_BOOL_CONVERSION = YES;
				CLANG_WARN_COMMA = YES;
				CLANG_WARN_CONSTANT_CONVERSION = YES;
				CLANG_WARN_DEPRECATED_OBJC_IMPLEMENTATIONS = YES;
				CLANG_WARN_DIRECT_OBJC_ISA_USAGE = YES_ERROR;
				CLANG_WARN_DOCUMENTATION_COMMENTS = YES;
				CLANG_WARN_EMPTY_BODY = YES;
				CLANG_WARN_ENUM_CONVERSION = YES;
				CLANG_WARN_INFINITE_RECURSION = YES;
				CLANG_WARN_INT_CONVERSION = YES;
				CLANG_WARN_NON_LITERAL_NULL_CONVERSION = YES;
				CLANG_WARN_OBJC_IMPLICIT_RETAIN_SELF = YES;
				CLANG_WARN_OBJC_LITERAL_CONVERSION = YES;
				CLANG_WARN_OBJC_ROOT_CLASS = YES_ERROR;
				CLANG_WARN_QUOTED_INCLUDE_IN_FRAMEWORK_HEADER = YES;
				CLANG_WARN_RANGE_LOOP_ANALYSIS = YES;
				CLANG_WARN_STRICT_PROTOTYPES = YES;
				CLANG_WARN_SUSPICIOUS_MOVE = YES;
				CLANG_WARN_UNGUARDED_AVAILABILITY = YES_AGGRESSIVE;
				CLANG_WARN_UNREACHABLE_CODE = YES;
				CLANG_WARN__DUPLICATE_METHOD_MATCH = YES;
				COPY_PHASE_STRIP = NO;
				DEAD_CODE_STRIPPING = YES;
				DEBUG_INFORMATION_FORMAT = dwarf;
				ENABLE_STRICT_OBJC_MSGSEND = YES;
				ENABLE_TESTABILITY = YES;
				ENABLE_USER_SCRIPT_SANDBOXING = YES;
				GCC_C_LANGUAGE_STANDARD = gnu11;
				GCC_DYNAMIC_NO_PIC = NO;
				GCC_NO_COMMON_BLOCKS = YES;
				GCC_OPTIMIZATION_LEVEL = 0;
				GCC_PREPROCESSOR_DEFINITIONS = (
					"DEBUG=1",
					"$(inherited)",
				);
				GCC_WARN_64_TO_32_BIT_CONVERSION = YES;
				GCC_WARN_ABOUT_RETURN_TYPE = YES_ERROR;
				GCC_WARN_UNDECLARED_SELECTOR = YES;
				GCC_WARN_UNINITIALIZED_AUTOS = YES_AGGRESSIVE;
				GCC_WARN_UNUSED_FUNCTION = YES;
				GCC_WARN_UNUSED_VARIABLE = YES;
				MTL_ENABLE_DEBUG_INFO = INCLUDE_SOURCE;
				MTL_FAST_MATH = YES;
				ONLY_ACTIVE_ARCH = YES;
				SWIFT_ACTIVE_COMPILATION_CONDITIONS = DEBUG;
				SWIFT_OPTIMIZATION_LEVEL = "-Onone";
			};
			name = Debug;
		};
		CC8D52C52A9C0247000C99DD /* Release */ = {
			isa = XCBuildConfiguration;
			buildSettings = {
				ALWAYS_SEARCH_USER_PATHS = NO;
				ASSETCATALOG_COMPILER_GENERATE_SWIFT_ASSET_SYMBOL_EXTENSIONS = YES;
				CLANG_ANALYZER_NONNULL = YES;
				CLANG_ANALYZER_NUMBER_OBJECT_CONVERSION = YES_AGGRESSIVE;
				CLANG_CXX_LANGUAGE_STANDARD = "gnu++20";
				CLANG_ENABLE_MODULES = YES;
				CLANG_ENABLE_OBJC_ARC = YES;
				CLANG_ENABLE_OBJC_WEAK = YES;
				CLANG_WARN_BLOCK_CAPTURE_AUTORELEASING = YES;
				CLANG_WARN_BOOL_CONVERSION = YES;
				CLANG_WARN_COMMA = YES;
				CLANG_WARN_CONSTANT_CONVERSION = YES;
				CLANG_WARN_DEPRECATED_OBJC_IMPLEMENTATIONS = YES;
				CLANG_WARN_DIRECT_OBJC_ISA_USAGE = YES_ERROR;
				CLANG_WARN_DOCUMENTATION_COMMENTS = YES;
				CLANG_WARN_EMPTY_BODY = YES;
				CLANG_WARN_ENUM_CONVERSION = YES;
				CLANG_WARN_INFINITE_RECURSION = YES;
				CLANG_WARN_INT_CONVERSION = YES;
				CLANG_WARN_NON_LITERAL_NULL_CONVERSION = YES;
				CLANG_WARN_OBJC_IMPLICIT_RETAIN_SELF = YES;
				CLANG_WARN_OBJC_LITERAL_CONVERSION = YES;
				CLANG_WARN_OBJC_ROOT_CLASS = YES_ERROR;
				CLANG_WARN_QUOTED_INCLUDE_IN_FRAMEWORK_HEADER = YES;
				CLANG_WARN_RANGE_LOOP_ANALYSIS = YES;
				CLANG_WARN_STRICT_PROTOTYPES = YES;
				CLANG_WARN_SUSPICIOUS_MOVE = YES;
				CLANG_WARN_UNGUARDED_AVAILABILITY = YES_AGGRESSIVE;
				CLANG_WARN_UNREACHABLE_CODE = YES;
				CLANG_WARN__DUPLICATE_METHOD_MATCH = YES;
				COPY_PHASE_STRIP = NO;
				DEAD_CODE_STRIPPING = YES;
				DEBUG_INFORMATION_FORMAT = "dwarf-with-dsym";
				ENABLE_NS_ASSERTIONS = NO;
				ENABLE_STRICT_OBJC_MSGSEND = YES;
				ENABLE_USER_SCRIPT_SANDBOXING = YES;
				GCC_C_LANGUAGE_STANDARD = gnu11;
				GCC_NO_COMMON_BLOCKS = YES;
				GCC_WARN_64_TO_32_BIT_CONVERSION = YES;
				GCC_WARN_ABOUT_RETURN_TYPE = YES_ERROR;
				GCC_WARN_UNDECLARED_SELECTOR = YES;
				GCC_WARN_UNINITIALIZED_AUTOS = YES_AGGRESSIVE;
				GCC_WARN_UNUSED_FUNCTION = YES;
				GCC_WARN_UNUSED_VARIABLE = YES;
				MTL_ENABLE_DEBUG_INFO = NO;
				MTL_FAST_MATH = YES;
				SWIFT_COMPILATION_MODE = wholemodule;
				SWIFT_OPTIMIZATION_LEVEL = "-O";
			};
			name = Release;
		};
		CC8D52C72A9C0247000C99DD /* Debug */ = {
			isa = XCBuildConfiguration;
			buildSettings = {
				ASSETCATALOG_COMPILER_APPICON_NAME = AppIcon;
				ASSETCATALOG_COMPILER_GLOBAL_ACCENT_COLOR_NAME = AccentColor;
				CODE_SIGN_ENTITLEMENTS = "Mise en Place/Mise_en_Place.entitlements";
				CODE_SIGN_STYLE = Automatic;
				CURRENT_PROJECT_VERSION = 1;
				DEAD_CODE_STRIPPING = YES;
				DEVELOPMENT_ASSET_PATHS = "\"Mise en Place/Preview Content\"";
				DEVELOPMENT_TEAM = LTR2ZD3F66;
				ENABLE_HARDENED_RUNTIME = YES;
				ENABLE_PREVIEWS = YES;
				GENERATE_INFOPLIST_FILE = YES;
				INFOPLIST_FILE = "Mise-en-Place-Info.plist";
				"INFOPLIST_KEY_UIApplicationSceneManifest_Generation[sdk=iphoneos*]" = YES;
				"INFOPLIST_KEY_UIApplicationSceneManifest_Generation[sdk=iphonesimulator*]" = YES;
				"INFOPLIST_KEY_UIApplicationSupportsIndirectInputEvents[sdk=iphoneos*]" = YES;
				"INFOPLIST_KEY_UIApplicationSupportsIndirectInputEvents[sdk=iphonesimulator*]" = YES;
				"INFOPLIST_KEY_UILaunchScreen_Generation[sdk=iphoneos*]" = YES;
				"INFOPLIST_KEY_UILaunchScreen_Generation[sdk=iphonesimulator*]" = YES;
				"INFOPLIST_KEY_UIStatusBarStyle[sdk=iphoneos*]" = UIStatusBarStyleDefault;
				"INFOPLIST_KEY_UIStatusBarStyle[sdk=iphonesimulator*]" = UIStatusBarStyleDefault;
				INFOPLIST_KEY_UISupportedInterfaceOrientations_iPad = "UIInterfaceOrientationPortrait UIInterfaceOrientationPortraitUpsideDown UIInterfaceOrientationLandscapeLeft UIInterfaceOrientationLandscapeRight";
				INFOPLIST_KEY_UISupportedInterfaceOrientations_iPhone = "UIInterfaceOrientationPortrait UIInterfaceOrientationLandscapeLeft UIInterfaceOrientationLandscapeRight";
				IPHONEOS_DEPLOYMENT_TARGET = 16.4;
				LD_RUNPATH_SEARCH_PATHS = "@executable_path/Frameworks";
				"LD_RUNPATH_SEARCH_PATHS[sdk=macosx*]" = "@executable_path/../Frameworks";
				MACOSX_DEPLOYMENT_TARGET = 13.3;
				MARKETING_VERSION = 1.0;
				PRODUCT_BUNDLE_IDENTIFIER = "me.king.tanner.Mise-en-Place";
				PRODUCT_NAME = "$(TARGET_NAME)";
				SDKROOT = auto;
				SUPPORTED_PLATFORMS = "iphoneos iphonesimulator macosx";
				SWIFT_EMIT_LOC_STRINGS = YES;
				SWIFT_VERSION = 5.0;
				TARGETED_DEVICE_FAMILY = "1,2";
			};
			name = Debug;
		};
		CC8D52C82A9C0247000C99DD /* Release */ = {
			isa = XCBuildConfiguration;
			buildSettings = {
				ASSETCATALOG_COMPILER_APPICON_NAME = AppIcon;
				ASSETCATALOG_COMPILER_GLOBAL_ACCENT_COLOR_NAME = AccentColor;
				CODE_SIGN_ENTITLEMENTS = "Mise en Place/Mise_en_Place.entitlements";
				CODE_SIGN_STYLE = Automatic;
				CURRENT_PROJECT_VERSION = 1;
				DEAD_CODE_STRIPPING = YES;
				DEVELOPMENT_ASSET_PATHS = "\"Mise en Place/Preview Content\"";
				DEVELOPMENT_TEAM = LTR2ZD3F66;
				ENABLE_HARDENED_RUNTIME = YES;
				ENABLE_PREVIEWS = YES;
				GENERATE_INFOPLIST_FILE = YES;
				INFOPLIST_FILE = "Mise-en-Place-Info.plist";
				"INFOPLIST_KEY_UIApplicationSceneManifest_Generation[sdk=iphoneos*]" = YES;
				"INFOPLIST_KEY_UIApplicationSceneManifest_Generation[sdk=iphonesimulator*]" = YES;
				"INFOPLIST_KEY_UIApplicationSupportsIndirectInputEvents[sdk=iphoneos*]" = YES;
				"INFOPLIST_KEY_UIApplicationSupportsIndirectInputEvents[sdk=iphonesimulator*]" = YES;
				"INFOPLIST_KEY_UILaunchScreen_Generation[sdk=iphoneos*]" = YES;
				"INFOPLIST_KEY_UILaunchScreen_Generation[sdk=iphonesimulator*]" = YES;
				"INFOPLIST_KEY_UIStatusBarStyle[sdk=iphoneos*]" = UIStatusBarStyleDefault;
				"INFOPLIST_KEY_UIStatusBarStyle[sdk=iphonesimulator*]" = UIStatusBarStyleDefault;
				INFOPLIST_KEY_UISupportedInterfaceOrientations_iPad = "UIInterfaceOrientationPortrait UIInterfaceOrientationPortraitUpsideDown UIInterfaceOrientationLandscapeLeft UIInterfaceOrientationLandscapeRight";
				INFOPLIST_KEY_UISupportedInterfaceOrientations_iPhone = "UIInterfaceOrientationPortrait UIInterfaceOrientationLandscapeLeft UIInterfaceOrientationLandscapeRight";
				IPHONEOS_DEPLOYMENT_TARGET = 16.4;
				LD_RUNPATH_SEARCH_PATHS = "@executable_path/Frameworks";
				"LD_RUNPATH_SEARCH_PATHS[sdk=macosx*]" = "@executable_path/../Frameworks";
				MACOSX_DEPLOYMENT_TARGET = 13.3;
				MARKETING_VERSION = 1.0;
				PRODUCT_BUNDLE_IDENTIFIER = "me.king.tanner.Mise-en-Place";
				PRODUCT_NAME = "$(TARGET_NAME)";
				SDKROOT = auto;
				SUPPORTED_PLATFORMS = "iphoneos iphonesimulator macosx";
				SWIFT_EMIT_LOC_STRINGS = YES;
				SWIFT_VERSION = 5.0;
				TARGETED_DEVICE_FAMILY = "1,2";
			};
			name = Release;
		};
/* End XCBuildConfiguration section */

/* Begin XCConfigurationList section */
		CC8D52B22A9C0246000C99DD /* Build configuration list for PBXProject "Mise en Place" */ = {
			isa = XCConfigurationList;
			buildConfigurations = (
				CC8D52C42A9C0247000C99DD /* Debug */,
				CC8D52C52A9C0247000C99DD /* Release */,
			);
			defaultConfigurationIsVisible = 0;
			defaultConfigurationName = Release;
		};
		CC8D52C62A9C0247000C99DD /* Build configuration list for PBXNativeTarget "Mise en Place" */ = {
			isa = XCConfigurationList;
			buildConfigurations = (
				CC8D52C72A9C0247000C99DD /* Debug */,
				CC8D52C82A9C0247000C99DD /* Release */,
			);
			defaultConfigurationIsVisible = 0;
			defaultConfigurationName = Release;
		};
/* End XCConfigurationList section */

/* Begin XCVersionGroup section */
		CC8D52C92A9C03D4000C99DD /* Main.xcdatamodeld */ = {
			isa = XCVersionGroup;
			children = (
				CC8D52CA2A9C03D4000C99DD /* Main.xcdatamodel */,
			);
			currentVersion = CC8D52CA2A9C03D4000C99DD /* Main.xcdatamodel */;
			path = Main.xcdatamodeld;
			sourceTree = "<group>";
			versionGroupType = wrapper.xcdatamodel;
		};
/* End XCVersionGroup section */
	};
	rootObject = CC8D52AF2A9C0246000C99DD /* Project object */;
}
